
Microsoft Visual Studio Solution File, Format Version 12.00
# Visual Studio 2015
Project("{FAE04EC0-301F-11D3-BF4B-00C04F79EFBC}") = "VR Test", "VR Test.csproj", "{3AFD86D0-E483-6F6E-5299-1CDB0B0A898A}"
EndProject
Project("{FAE04EC0-301F-11D3-BF4B-00C04F79EFBC}") = "VR Test.Editor", "VR Test.Editor.csproj", "{EA0F8201-532A-3A0E-E863-97210CB391BB}"
EndProject
Global
	GlobalSection(SolutionConfigurationPlatforms) = preSolution
		Debug|Any CPU = Debug|Any CPU
		Release|Any CPU = Release|Any CPU
	EndGlobalSection
	GlobalSection(ProjectConfigurationPlatforms) = postSolution
		{3AFD86D0-E483-6F6E-5299-1CDB0B0A898A}.Debug|Any CPU.ActiveCfg = Debug|Any CPU
		{3AFD86D0-E483-6F6E-5299-1CDB0B0A898A}.Debug|Any CPU.Build.0 = Debug|Any CPU
		{3AFD86D0-E483-6F6E-5299-1CDB0B0A898A}.Release|Any CPU.ActiveCfg = Release|Any CPU
		{3AFD86D0-E483-6F6E-5299-1CDB0B0A898A}.Release|Any CPU.Build.0 = Release|Any CPU
		{EA0F8201-532A-3A0E-E863-97210CB391BB}.Debug|Any CPU.ActiveCfg = Debug|Any CPU
		{EA0F8201-532A-3A0E-E863-97210CB391BB}.Debug|Any CPU.Build.0 = Debug|Any CPU
		{EA0F8201-532A-3A0E-E863-97210CB391BB}.Release|Any CPU.ActiveCfg = Release|Any CPU
		{EA0F8201-532A-3A0E-E863-97210CB391BB}.Release|Any CPU.Build.0 = Release|Any CPU
	EndGlobalSection
	GlobalSection(SolutionProperties) = preSolution
		HideSolutionNode = FALSE
	EndGlobalSection
EndGlobal
